
Microsoft Visual Studio Solution File, Format Version 12.00
# Visual Studio Version 16
VisualStudioVersion = 16.0.30114.105
MinimumVisualStudioVersion = 10.0.40219.1
Project("{9A19103F-16F7-4668-BE54-9A1E7A4F7556}") = "RealPromo.ApiWeb", "RealPromo.ApiWeb\RealPromo.ApiWeb.csproj", "{D366DFD8-F739-409C-BE67-671E52677DEC}"
EndProject
Project("{FAE04EC0-301F-11D3-BF4B-00C04F79EFBC}") = "RealPromoMobile.UWP", "RealPromoMobile\RealPromoMobile.UWP\RealPromoMobile.UWP.csproj", "{34291AF2-CB7B-4DD3-AFC0-037F15CF9D08}"
EndProject
Project("{FAE04EC0-301F-11D3-BF4B-00C04F79EFBC}") = "RealPromoMobile.Android", "RealPromoMobile\RealPromoMobile.Android\RealPromoMobile.Android.csproj", "{04441377-7D6F-4578-9959-5F4F847B4DB7}"
EndProject
Project("{FAE04EC0-301F-11D3-BF4B-00C04F79EFBC}") = "RealPromoMobile.iOS", "RealPromoMobile\RealPromoMobile.iOS\RealPromoMobile.iOS.csproj", "{4159ED0C-34A7-4F33-90A5-10C5A18532FC}"
EndProject
Project("{FAE04EC0-301F-11D3-BF4B-00C04F79EFBC}") = "RealPromoMobile", "RealPromoMobile\RealPromoMobile\RealPromoMobile.csproj", "{B0905429-318D-4C8E-B6C2-F002881AF886}"
EndProject
Global
	GlobalSection(SolutionConfigurationPlatforms) = preSolution
		Debug|Any CPU = Debug|Any CPU
		Debug|ARM = Debug|ARM
		Debug|iPhone = Debug|iPhone
		Debug|iPhoneSimulator = Debug|iPhoneSimulator
		Debug|x64 = Debug|x64
		Debug|x86 = Debug|x86
		Release|Any CPU = Release|Any CPU
		Release|ARM = Release|ARM
		Release|iPhone = Release|iPhone
		Release|iPhoneSimulator = Release|iPhoneSimulator
		Release|x64 = Release|x64
		Release|x86 = Release|x86
	EndGlobalSection
	GlobalSection(ProjectConfigurationPlatforms) = postSolution
		{D366DFD8-F739-409C-BE67-671E52677DEC}.Debug|Any CPU.ActiveCfg = Debug|Any CPU
		{D366DFD8-F739-409C-BE67-671E52677DEC}.Debug|Any CPU.Build.0 = Debug|Any CPU
		{D366DFD8-F739-409C-BE67-671E52677DEC}.Debug|ARM.ActiveCfg = Debug|Any CPU
		{D366DFD8-F739-409C-BE67-671E52677DEC}.Debug|ARM.Build.0 = Debug|Any CPU
		{D366DFD8-F739-409C-BE67-671E52677DEC}.Debug|iPhone.ActiveCfg = Debug|Any CPU
		{D366DFD8-F739-409C-BE67-671E52677DEC}.Debug|iPhone.Build.0 = Debug|Any CPU
		{D366DFD8-F739-409C-BE67-671E52677DEC}.Debug|iPhoneSimulator.ActiveCfg = Debug|Any CPU
		{D366DFD8-F739-409C-BE67-671E52677DEC}.Debug|iPhoneSimulator.Build.0 = Debug|Any CPU
		{D366DFD8-F739-409C-BE67-671E52677DEC}.Debug|x64.ActiveCfg = Debug|Any CPU
		{D366DFD8-F739-409C-BE67-671E52677DEC}.Debug|x64.Build.0 = Debug|Any CPU
		{D366DFD8-F739-409C-BE67-671E52677DEC}.Debug|x86.ActiveCfg = Debug|Any CPU
		{D366DFD8-F739-409C-BE67-671E52677DEC}.Debug|x86.Build.0 = Debug|Any CPU
		{D366DFD8-F739-409C-BE67-671E52677DEC}.Release|Any CPU.ActiveCfg = Release|Any CPU
		{D366DFD8-F739-409C-BE67-671E52677DEC}.Release|Any CPU.Build.0 = Release|Any CPU
		{D366DFD8-F739-409C-BE67-671E52677DEC}.Release|ARM.ActiveCfg = Release|Any CPU
		{D366DFD8-F739-409C-BE67-671E52677DEC}.Release|ARM.Build.0 = Release|Any CPU
		{D366DFD8-F739-409C-BE67-671E52677DEC}.Release|iPhone.ActiveCfg = Release|Any CPU
		{D366DFD8-F739-409C-BE67-671E52677DEC}.Release|iPhone.Build.0 = Release|Any CPU
		{D366DFD8-F739-409C-BE67-671E52677DEC}.Release|iPhoneSimulator.ActiveCfg = Release|Any CPU
		{D366DFD8-F739-409C-BE67-671E52677DEC}.Release|iPhoneSimulator.Build.0 = Release|Any CPU
		{D366DFD8-F739-409C-BE67-671E52677DEC}.Release|x64.ActiveCfg = Release|Any CPU
		{D366DFD8-F739-409C-BE67-671E52677DEC}.Release|x64.Build.0 = Release|Any CPU
		{D366DFD8-F739-409C-BE67-671E52677DEC}.Release|x86.ActiveCfg = Release|Any CPU
		{D366DFD8-F739-409C-BE67-671E52677DEC}.Release|x86.Build.0 = Release|Any CPU
		{34291AF2-CB7B-4DD3-AFC0-037F15CF9D08}.Debug|Any CPU.ActiveCfg = Debug|x86
		{34291AF2-CB7B-4DD3-AFC0-037F15CF9D08}.Debug|ARM.ActiveCfg = Debug|ARM
		{34291AF2-CB7B-4DD3-AFC0-037F15CF9D08}.Debug|ARM.Build.0 = Debug|ARM
		{34291AF2-CB7B-4DD3-AFC0-037F15CF9D08}.Debug|ARM.Deploy.0 = Debug|ARM
		{34291AF2-CB7B-4DD3-AFC0-037F15CF9D08}.Debug|iPhone.ActiveCfg = Debug|x86
		{34291AF2-CB7B-4DD3-AFC0-037F15CF9D08}.Debug|iPhoneSimulator.ActiveCfg = Debug|x86
		{34291AF2-CB7B-4DD3-AFC0-037F15CF9D08}.Debug|x64.ActiveCfg = Debug|x64
		{34291AF2-CB7B-4DD3-AFC0-037F15CF9D08}.Debug|x64.Build.0 = Debug|x64
		{34291AF2-CB7B-4DD3-AFC0-037F15CF9D08}.Debug|x64.Deploy.0 = Debug|x64
		{34291AF2-CB7B-4DD3-AFC0-037F15CF9D08}.Debug|x86.ActiveCfg = Debug|x86
		{34291AF2-CB7B-4DD3-AFC0-037F15CF9D08}.Debug|x86.Build.0 = Debug|x86
		{34291AF2-CB7B-4DD3-AFC0-037F15CF9D08}.Debug|x86.Deploy.0 = Debug|x86
		{34291AF2-CB7B-4DD3-AFC0-037F15CF9D08}.Release|Any CPU.ActiveCfg = Release|x86
		{34291AF2-CB7B-4DD3-AFC0-037F15CF9D08}.Release|ARM.ActiveCfg = Release|ARM
		{34291AF2-CB7B-4DD3-AFC0-037F15CF9D08}.Release|ARM.Build.0 = Release|ARM
		{34291AF2-CB7B-4DD3-AFC0-037F15CF9D08}.Release|ARM.Deploy.0 = Release|ARM
		{34291AF2-CB7B-4DD3-AFC0-037F15CF9D08}.Release|iPhone.ActiveCfg = Release|x86
		{34291AF2-CB7B-4DD3-AFC0-037F15CF9D08}.Release|iPhoneSimulator.ActiveCfg = Release|x86
		{34291AF2-CB7B-4DD3-AFC0-037F15CF9D08}.Release|x64.ActiveCfg = Release|x64
		{34291AF2-CB7B-4DD3-AFC0-037F15CF9D08}.Release|x64.Build.0 = Release|x64
		{34291AF2-CB7B-4DD3-AFC0-037F15CF9D08}.Release|x64.Deploy.0 = Release|x64
		{34291AF2-CB7B-4DD3-AFC0-037F15CF9D08}.Release|x86.ActiveCfg = Release|x86
		{34291AF2-CB7B-4DD3-AFC0-037F15CF9D08}.Release|x86.Build.0 = Release|x86
		{34291AF2-CB7B-4DD3-AFC0-037F15CF9D08}.Release|x86.Deploy.0 = Release|x86
		{04441377-7D6F-4578-9959-5F4F847B4DB7}.Debug|Any CPU.ActiveCfg = Debug|Any CPU
		{04441377-7D6F-4578-9959-5F4F847B4DB7}.Debug|Any CPU.Build.0 = Debug|Any CPU
		{04441377-7D6F-4578-9959-5F4F847B4DB7}.Debug|Any CPU.Deploy.0 = Debug|Any CPU
		{04441377-7D6F-4578-9959-5F4F847B4DB7}.Debug|ARM.ActiveCfg = Debug|Any CPU
		{04441377-7D6F-4578-9959-5F4F847B4DB7}.Debug|ARM.Build.0 = Debug|Any CPU
		{04441377-7D6F-4578-9959-5F4F847B4DB7}.Debug|ARM.Deploy.0 = Debug|Any CPU
		{04441377-7D6F-4578-9959-5F4F847B4DB7}.Debug|iPhone.ActiveCfg = Debug|Any CPU
		{04441377-7D6F-4578-9959-5F4F847B4DB7}.Debug|iPhone.Build.0 = Debug|Any CPU
		{04441377-7D6F-4578-9959-5F4F847B4DB7}.Debug|iPhone.Deploy.0 = Debug|Any CPU
		{04441377-7D6F-4578-9959-5F4F847B4DB7}.Debug|iPhoneSimulator.ActiveCfg = Debug|Any CPU
		{04441377-7D6F-4578-9959-5F4F847B4DB7}.Debug|iPhoneSimulator.Build.0 = Debug|Any CPU
		{04441377-7D6F-4578-9959-5F4F847B4DB7}.Debug|iPhoneSimulator.Deploy.0 = Debug|Any CPU
		{04441377-7D6F-4578-9959-5F4F847B4DB7}.Debug|x64.ActiveCfg = Debug|Any CPU
		{04441377-7D6F-4578-9959-5F4F847B4DB7}.Debug|x64.Build.0 = Debug|Any CPU
		{04441377-7D6F-4578-9959-5F4F847B4DB7}.Debug|x64.Deploy.0 = Debug|Any CPU
		{04441377-7D6F-4578-9959-5F4F847B4DB7}.Debug|x86.ActiveCfg = Debug|Any CPU
		{04441377-7D6F-4578-9959-5F4F847B4DB7}.Debug|x86.Build.0 = Debug|Any CPU
		{04441377-7D6F-4578-9959-5F4F847B4DB7}.Debug|x86.Deploy.0 = Debug|Any CPU
		{04441377-7D6F-4578-9959-5F4F847B4DB7}.Release|Any CPU.ActiveCfg = Release|Any CPU
		{04441377-7D6F-4578-9959-5F4F847B4DB7}.Release|Any CPU.Build.0 = Release|Any CPU
		{04441377-7D6F-4578-9959-5F4F847B4DB7}.Release|Any CPU.Deploy.0 = Release|Any CPU
		{04441377-7D6F-4578-9959-5F4F847B4DB7}.Release|ARM.ActiveCfg = Release|Any CPU
		{04441377-7D6F-4578-9959-5F4F847B4DB7}.Release|ARM.Build.0 = Release|Any CPU
		{04441377-7D6F-4578-9959-5F4F847B4DB7}.Release|ARM.Deploy.0 = Release|Any CPU
		{04441377-7D6F-4578-9959-5F4F847B4DB7}.Release|iPhone.ActiveCfg = Release|Any CPU
		{04441377-7D6F-4578-9959-5F4F847B4DB7}.Release|iPhone.Build.0 = Release|Any CPU
		{04441377-7D6F-4578-9959-5F4F847B4DB7}.Release|iPhone.Deploy.0 = Release|Any CPU
		{04441377-7D6F-4578-9959-5F4F847B4DB7}.Release|iPhoneSimulator.ActiveCfg = Release|Any CPU
		{04441377-7D6F-4578-9959-5F4F847B4DB7}.Release|iPhoneSimulator.Build.0 = Release|Any CPU
		{04441377-7D6F-4578-9959-5F4F847B4DB7}.Release|iPhoneSimulator.Deploy.0 = Release|Any CPU
		{04441377-7D6F-4578-9959-5F4F847B4DB7}.Release|x64.ActiveCfg = Release|Any CPU
		{04441377-7D6F-4578-9959-5F4F847B4DB7}.Release|x64.Build.0 = Release|Any CPU
		{04441377-7D6F-4578-9959-5F4F847B4DB7}.Release|x64.Deploy.0 = Release|Any CPU
		{04441377-7D6F-4578-9959-5F4F847B4DB7}.Release|x86.ActiveCfg = Release|Any CPU
		{04441377-7D6F-4578-9959-5F4F847B4DB7}.Release|x86.Build.0 = Release|Any CPU
		{04441377-7D6F-4578-9959-5F4F847B4DB7}.Release|x86.Deploy.0 = Release|Any CPU
		{4159ED0C-34A7-4F33-90A5-10C5A18532FC}.Debug|Any CPU.ActiveCfg = Debug|iPhone
		{4159ED0C-34A7-4F33-90A5-10C5A18532FC}.Debug|ARM.ActiveCfg = Debug|iPhone
		{4159ED0C-34A7-4F33-90A5-10C5A18532FC}.Debug|iPhone.ActiveCfg = Debug|iPhone
		{4159ED0C-34A7-4F33-90A5-10C5A18532FC}.Debug|iPhone.Build.0 = Debug|iPhone
		{4159ED0C-34A7-4F33-90A5-10C5A18532FC}.Debug|iPhoneSimulator.ActiveCfg = Debug|iPhoneSimulator
		{4159ED0C-34A7-4F33-90A5-10C5A18532FC}.Debug|iPhoneSimulator.Build.0 = Debug|iPhoneSimulator
		{4159ED0C-34A7-4F33-90A5-10C5A18532FC}.Debug|x64.ActiveCfg = Debug|iPhone
		{4159ED0C-34A7-4F33-90A5-10C5A18532FC}.Debug|x86.ActiveCfg = Debug|iPhone
		{4159ED0C-34A7-4F33-90A5-10C5A18532FC}.Release|Any CPU.ActiveCfg = Release|iPhone
		{4159ED0C-34A7-4F33-90A5-10C5A18532FC}.Release|ARM.ActiveCfg = Release|iPhone
		{4159ED0C-34A7-4F33-90A5-10C5A18532FC}.Release|iPhone.ActiveCfg = Release|iPhone
		{4159ED0C-34A7-4F33-90A5-10C5A18532FC}.Release|iPhone.Build.0 = Release|iPhone
		{4159ED0C-34A7-4F33-90A5-10C5A18532FC}.Release|iPhoneSimulator.ActiveCfg = Release|iPhoneSimulator
		{4159ED0C-34A7-4F33-90A5-10C5A18532FC}.Release|iPhoneSimulator.Build.0 = Release|iPhoneSimulator
		{4159ED0C-34A7-4F33-90A5-10C5A18532FC}.Release|x64.ActiveCfg = Release|iPhone
		{4159ED0C-34A7-4F33-90A5-10C5A18532FC}.Release|x86.ActiveCfg = Release|iPhone
		{B0905429-318D-4C8E-B6C2-F002881AF886}.Debug|Any CPU.ActiveCfg = Debug|Any CPU
		{B0905429-318D-4C8E-B6C2-F002881AF886}.Debug|Any CPU.Build.0 = Debug|Any CPU
		{B0905429-318D-4C8E-B6C2-F002881AF886}.Debug|ARM.ActiveCfg = Debug|Any CPU
		{B0905429-318D-4C8E-B6C2-F002881AF886}.Debug|ARM.Build.0 = Debug|Any CPU
		{B0905429-318D-4C8E-B6C2-F002881AF886}.Debug|iPhone.ActiveCfg = Debug|Any CPU
		{B0905429-318D-4C8E-B6C2-F002881AF886}.Debug|iPhone.Build.0 = Debug|Any CPU
		{B0905429-318D-4C8E-B6C2-F002881AF886}.Debug|iPhoneSimulator.ActiveCfg = Debug|Any CPU
		{B0905429-318D-4C8E-B6C2-F002881AF886}.Debug|iPhoneSimulator.Build.0 = Debug|Any CPU
		{B0905429-318D-4C8E-B6C2-F002881AF886}.Debug|x64.ActiveCfg = Debug|Any CPU
		{B0905429-318D-4C8E-B6C2-F002881AF886}.Debug|x64.Build.0 = Debug|Any CPU
		{B0905429-318D-4C8E-B6C2-F002881AF886}.Debug|x86.ActiveCfg = Debug|Any CPU
		{B0905429-318D-4C8E-B6C2-F002881AF886}.Debug|x86.Build.0 = Debug|Any CPU
		{B0905429-318D-4C8E-B6C2-F002881AF886}.Release|Any CPU.ActiveCfg = Release|Any CPU
		{B0905429-318D-4C8E-B6C2-F002881AF886}.Release|Any CPU.Build.0 = Release|Any CPU
		{B0905429-318D-4C8E-B6C2-F002881AF886}.Release|ARM.ActiveCfg = Release|Any CPU
		{B0905429-318D-4C8E-B6C2-F002881AF886}.Release|ARM.Build.0 = Release|Any CPU
		{B0905429-318D-4C8E-B6C2-F002881AF886}.Release|iPhone.ActiveCfg = Release|Any CPU
		{B0905429-318D-4C8E-B6C2-F002881AF886}.Release|iPhone.Build.0 = Release|Any CPU
		{B0905429-318D-4C8E-B6C2-F002881AF886}.Release|iPhoneSimulator.ActiveCfg = Release|Any CPU
		{B0905429-318D-4C8E-B6C2-F002881AF886}.Release|iPhoneSimulator.Build.0 = Release|Any CPU
		{B0905429-318D-4C8E-B6C2-F002881AF886}.Release|x64.ActiveCfg = Release|Any CPU
		{B0905429-318D-4C8E-B6C2-F002881AF886}.Release|x64.Build.0 = Release|Any CPU
		{B0905429-318D-4C8E-B6C2-F002881AF886}.Release|x86.ActiveCfg = Release|Any CPU
		{B0905429-318D-4C8E-B6C2-F002881AF886}.Release|x86.Build.0 = Release|Any CPU
	EndGlobalSection
	GlobalSection(SolutionProperties) = preSolution
		HideSolutionNode = FALSE
	EndGlobalSection
	GlobalSection(ExtensibilityGlobals) = postSolution
		SolutionGuid = {2CA6CDF5-5653-40DC-9637-5A434A60940A}
	EndGlobalSection
EndGlobal
